// !$*UTF8*$!
{
	archiveVersion = 1;
	classes = {
	};
	objectVersion = 50;
	objects = {

/* Begin PBXBuildFile section */
		82CC075B21963D6C008B78C7 /* AppDelegate.m in Sources */ = {isa = PBXBuildFile; fileRef = 82CC075A21963D6C008B78C7 /* AppDelegate.m */; };
		82CC076121963D6C008B78C7 /* Main.storyboard in Resources */ = {isa = PBXBuildFile; fileRef = 82CC075F21963D6C008B78C7 /* Main.storyboard */; };
		82CC076321963D6D008B78C7 /* Assets.xcassets in Resources */ = {isa = PBXBuildFile; fileRef = 82CC076221963D6D008B78C7 /* Assets.xcassets */; };
		82CC076621963D6D008B78C7 /* LaunchScreen.storyboard in Resources */ = {isa = PBXBuildFile; fileRef = 82CC076421963D6D008B78C7 /* LaunchScreen.storyboard */; };
		82CC076921963D6D008B78C7 /* main.m in Sources */ = {isa = PBXBuildFile; fileRef = 82CC076821963D6D008B78C7 /* main.m */; };
		82CC077121963E67008B78C7 /* LSVersionsTableViewController.m in Sources */ = {isa = PBXBuildFile; fileRef = 82CC077021963E67008B78C7 /* LSVersionsTableViewController.m */; };
		82CC077421964B6F008B78C7 /* LSOSXVersion.m in Sources */ = {isa = PBXBuildFile; fileRef = 82CC077321964B6F008B78C7 /* LSOSXVersion.m */; };
		82CC07772196508B008B78C7 /* LSVersionController.m in Sources */ = {isa = PBXBuildFile; fileRef = 82CC07762196508B008B78C7 /* LSVersionController.m */; };
/* End PBXBuildFile section */

/* Begin PBXFileReference section */
		82CC075621963D6C008B78C7 /* OSXVersions2.app */ = {isa = PBXFileReference; explicitFileType = wrapper.application; includeInIndex = 0; path = OSXVersions2.app; sourceTree = BUILT_PRODUCTS_DIR; };
		82CC075921963D6C008B78C7 /* AppDelegate.h */ = {isa = PBXFileReference; lastKnownFileType = sourcecode.c.h; path = AppDelegate.h; sourceTree = "<group>"; };
		82CC075A21963D6C008B78C7 /* AppDelegate.m */ = {isa = PBXFileReference; lastKnownFileType = sourcecode.c.objc; path = AppDelegate.m; sourceTree = "<group>"; };
		82CC076021963D6C008B78C7 /* Base */ = {isa = PBXFileReference; lastKnownFileType = file.storyboard; name = Base; path = Base.lproj/Main.storyboard; sourceTree = "<group>"; };
		82CC076221963D6D008B78C7 /* Assets.xcassets */ = {isa = PBXFileReference; lastKnownFileType = folder.assetcatalog; path = Assets.xcassets; sourceTree = "<group>"; };
		82CC076521963D6D008B78C7 /* Base */ = {isa = PBXFileReference; lastKnownFileType = file.storyboard; name = Base; path = Base.lproj/LaunchScreen.storyboard; sourceTree = "<group>"; };
		82CC076721963D6D008B78C7 /* Info.plist */ = {isa = PBXFileReference; lastKnownFileType = text.plist.xml; path = Info.plist; sourceTree = "<group>"; };
		82CC076821963D6D008B78C7 /* main.m */ = {isa = PBXFileReference; lastKnownFileType = sourcecode.c.objc; path = main.m; sourceTree = "<group>"; };
		82CC076F21963E67008B78C7 /* LSVersionsTableViewController.h */ = {isa = PBXFileReference; lastKnownFileType = sourcecode.c.h; path = LSVersionsTableViewController.h; sourceTree = "<group>"; };
		82CC077021963E67008B78C7 /* LSVersionsTableViewController.m */ = {isa = PBXFileReference; lastKnownFileType = sourcecode.c.objc; path = LSVersionsTableViewController.m; sourceTree = "<group>"; };
		82CC077221964B6F008B78C7 /* LSOSXVersion.h */ = {isa = PBXFileReference; lastKnownFileType = sourcecode.c.h; path = LSOSXVersion.h; sourceTree = "<group>"; };
		82CC077321964B6F008B78C7 /* LSOSXVersion.m */ = {isa = PBXFileReference; lastKnownFileType = sourcecode.c.objc; path = LSOSXVersion.m; sourceTree = "<group>"; };
		82CC07752196508B008B78C7 /* LSVersionController.h */ = {isa = PBXFileReference; lastKnownFileType = sourcecode.c.h; path = LSVersionController.h; sourceTree = "<group>"; };
		82CC07762196508B008B78C7 /* LSVersionController.m */ = {isa = PBXFileReference; lastKnownFileType = sourcecode.c.objc; path = LSVersionController.m; sourceTree = "<group>"; };
/* End PBXFileReference section */

/* Begin PBXFrameworksBuildPhase section */
		82CC075321963D6C008B78C7 /* Frameworks */ = {
			isa = PBXFrameworksBuildPhase;
			buildActionMask = 2147483647;
			files = (
			);
			runOnlyForDeploymentPostprocessing = 0;
		};
/* End PBXFrameworksBuildPhase section */

/* Begin PBXGroup section */
		82CC074D21963D6C008B78C7 = {
			isa = PBXGroup;
			children = (
				82CC075821963D6C008B78C7 /* OSXVersions2 */,
				82CC075721963D6C008B78C7 /* Products */,
			);
			sourceTree = "<group>";
		};
		82CC075721963D6C008B78C7 /* Products */ = {
			isa = PBXGroup;
			children = (
				82CC075621963D6C008B78C7 /* OSXVersions2.app */,
			);
			name = Products;
			sourceTree = "<group>";
		};
		82CC075821963D6C008B78C7 /* OSXVersions2 */ = {
			isa = PBXGroup;
			children = (
				82CC075921963D6C008B78C7 /* AppDelegate.h */,
				82CC075A21963D6C008B78C7 /* AppDelegate.m */,
				82CC077221964B6F008B78C7 /* LSOSXVersion.h */,
				82CC077321964B6F008B78C7 /* LSOSXVersion.m */,
				82CC07752196508B008B78C7 /* LSVersionController.h */,
				82CC07762196508B008B78C7 /* LSVersionController.m */,
				82CC076F21963E67008B78C7 /* LSVersionsTableViewController.h */,
				82CC077021963E67008B78C7 /* LSVersionsTableViewController.m */,
				82CC075F21963D6C008B78C7 /* Main.storyboard */,
				82CC076221963D6D008B78C7 /* Assets.xcassets */,
				82CC076421963D6D008B78C7 /* LaunchScreen.storyboard */,
				82CC076721963D6D008B78C7 /* Info.plist */,
				82CC076821963D6D008B78C7 /* main.m */,
			);
			path = OSXVersions2;
			sourceTree = "<group>";
		};
/* End PBXGroup section */

/* Begin PBXNativeTarget section */
		82CC075521963D6C008B78C7 /* OSXVersions2 */ = {
			isa = PBXNativeTarget;
			buildConfigurationList = 82CC076C21963D6D008B78C7 /* Build configuration list for PBXNativeTarget "OSXVersions2" */;
			buildPhases = (
				82CC075221963D6C008B78C7 /* Sources */,
				82CC075321963D6C008B78C7 /* Frameworks */,
				82CC075421963D6C008B78C7 /* Resources */,
			);
			buildRules = (
			);
			dependencies = (
			);
			name = OSXVersions2;
			productName = OSXVersions2;
			productReference = 82CC075621963D6C008B78C7 /* OSXVersions2.app */;
			productType = "com.apple.product-type.application";
		};
/* End PBXNativeTarget section */

/* Begin PBXProject section */
		82CC074E21963D6C008B78C7 /* Project object */ = {
			isa = PBXProject;
			attributes = {
				LastUpgradeCheck = 1010;
				ORGANIZATIONNAME = "Lambda School";
				TargetAttributes = {
					82CC075521963D6C008B78C7 = {
						CreatedOnToolsVersion = 10.1;
					};
				};
			};
			buildConfigurationList = 82CC075121963D6C008B78C7 /* Build configuration list for PBXProject "OSXVersions2" */;
			compatibilityVersion = "Xcode 9.3";
			developmentRegion = en;
			hasScannedForEncodings = 0;
			knownRegions = (
				en,
				Base,
			);
			mainGroup = 82CC074D21963D6C008B78C7;
			productRefGroup = 82CC075721963D6C008B78C7 /* Products */;
			projectDirPath = "";
			projectRoot = "";
			targets = (
				82CC075521963D6C008B78C7 /* OSXVersions2 */,
			);
		};
/* End PBXProject section */

/* Begin PBXResourcesBuildPhase section */
		82CC075421963D6C008B78C7 /* Resources */ = {
			isa = PBXResourcesBuildPhase;
			buildActionMask = 2147483647;
			files = (
				82CC076621963D6D008B78C7 /* LaunchScreen.storyboard in Resources */,
				82CC076321963D6D008B78C7 /* Assets.xcassets in Resources */,
				82CC076121963D6C008B78C7 /* Main.storyboard in Resources */,
			);
			runOnlyForDeploymentPostprocessing = 0;
		};
/* End PBXResourcesBuildPhase section */

/* Begin PBXSourcesBuildPhase section */
		82CC075221963D6C008B78C7 /* Sources */ = {
			isa = PBXSourcesBuildPhase;
			buildActionMask = 2147483647;
			files = (
				82CC07772196508B008B78C7 /* LSVersionController.m in Sources */,
				82CC077421964B6F008B78C7 /* LSOSXVersion.m in Sources */,
				82CC076921963D6D008B78C7 /* main.m in Sources */,
				82CC075B21963D6C008B78C7 /* AppDelegate.m in Sources */,
				82CC077121963E67008B78C7 /* LSVersionsTableViewController.m in Sources */,
			);
			runOnlyForDeploymentPostprocessing = 0;
		};
/* End PBXSourcesBuildPhase section */

/* Begin PBXVariantGroup section */
		82CC075F21963D6C008B78C7 /* Main.storyboard */ = {
			isa = PBXVariantGroup;
			children = (
				82CC076021963D6C008B78C7 /* Base */,
			);
			name = Main.storyboard;
			sourceTree = "<group>";
		};
		82CC076421963D6D008B78C7 /* LaunchScreen.storyboard */ = {
			isa = PBXVariantGroup;
			children = (
				82CC076521963D6D008B78C7 /* Base */,
			);
			name = LaunchScreen.storyboard;
			sourceTree = "<group>";
		};
/* End PBXVariantGroup section */

/* Begin XCBuildConfiguration section */
		82CC076A21963D6D008B78C7 /* Debug */ = {
			isa = XCBuildConfiguration;
			buildSettings = {
				ALWAYS_SEARCH_USER_PATHS = NO;
				CLANG_ANALYZER_NONNULL = YES;
				CLANG_ANALYZER_NUMBER_OBJECT_CONVERSION = YES_AGGRESSIVE;
				CLANG_CXX_LANGUAGE_STANDARD = "gnu++14";
				CLANG_CXX_LIBRARY = "libc++";
				CLANG_ENABLE_MODULES = YES;
				CLANG_ENABLE_OBJC_ARC = YES;
				CLANG_ENABLE_OBJC_WEAK = YES;
				CLANG_WARN_BLOCK_CAPTURE_AUTORELEASING = YES;
				CLANG_WARN_BOOL_CONVERSION = YES;
				CLANG_WARN_COMMA = YES;
				CLANG_WARN_CONSTANT_CONVERSION = YES;
				CLANG_WARN_DEPRECATED_OBJC_IMPLEMENTATIONS = YES;
				CLANG_WARN_DIRECT_OBJC_ISA_USAGE = YES_ERROR;
				CLANG_WARN_DOCUMENTATION_COMMENTS = YES;
				CLANG_WARN_EMPTY_BODY = YES;
				CLANG_WARN_ENUM_CONVERSION = YES;
				CLANG_WARN_INFINITE_RECURSION = YES;
				CLANG_WARN_INT_CONVERSION = YES;
				CLANG_WARN_NON_LITERAL_NULL_CONVERSION = YES;
				CLANG_WARN_OBJC_IMPLICIT_RETAIN_SELF = YES;
				CLANG_WARN_OBJC_LITERAL_CONVERSION = YES;
				CLANG_WARN_OBJC_ROOT_CLASS = YES_ERROR;
				CLANG_WARN_RANGE_LOOP_ANALYSIS = YES;
				CLANG_WARN_STRICT_PROTOTYPES = YES;
				CLANG_WARN_SUSPICIOUS_MOVE = YES;
				CLANG_WARN_UNGUARDED_AVAILABILITY = YES_AGGRESSIVE;
				CLANG_WARN_UNREACHABLE_CODE = YES;
				CLANG_WARN__DUPLICATE_METHOD_MATCH = YES;
				CODE_SIGN_IDENTITY = "iPhone Developer";
				COPY_PHASE_STRIP = NO;
				DEBUG_INFORMATION_FORMAT = dwarf;
				ENABLE_STRICT_OBJC_MSGSEND = YES;
				ENABLE_TESTABILITY = YES;
				GCC_C_LANGUAGE_STANDARD = gnu11;
				GCC_DYNAMIC_NO_PIC = NO;
				GCC_NO_COMMON_BLOCKS = YES;
				GCC_OPTIMIZATION_LEVEL = 0;
				GCC_PREPROCESSOR_DEFINITIONS = (
					"DEBUG=1",
					"$(inherited)",
				);
				GCC_WARN_64_TO_32_BIT_CONVERSION = YES;
				GCC_WARN_ABOUT_RETURN_TYPE = YES_ERROR;
				GCC_WARN_UNDECLARED_SELECTOR = YES;
				GCC_WARN_UNINITIALIZED_AUTOS = YES_AGGRESSIVE;
				GCC_WARN_UNUSED_FUNCTION = YES;
				GCC_WARN_UNUSED_VARIABLE = YES;
				IPHONEOS_DEPLOYMENT_TARGET = 12.1;
				MTL_ENABLE_DEBUG_INFO = INCLUDE_SOURCE;
				MTL_FAST_MATH = YES;
				ONLY_ACTIVE_ARCH = YES;
				SDKROOT = iphoneos;
			};
			name = Debug;
		};
		82CC076B21963D6D008B78C7 /* Release */ = {
			isa = XCBuildConfiguration;
			buildSettings = {
				ALWAYS_SEARCH_USER_PATHS = NO;
				CLANG_ANALYZER_NONNULL = YES;
				CLANG_ANALYZER_NUMBER_OBJECT_CONVERSION = YES_AGGRESSIVE;
				CLANG_CXX_LANGUAGE_STANDARD = "gnu++14";
				CLANG_CXX_LIBRARY = "libc++";
				CLANG_ENABLE_MODULES = YES;
				CLANG_ENABLE_OBJC_ARC = YES;
				CLANG_ENABLE_OBJC_WEAK = YES;
				CLANG_WARN_BLOCK_CAPTURE_AUTORELEASING = YES;
				CLANG_WARN_BOOL_CONVERSION = YES;
				CLANG_WARN_COMMA = YES;
				CLANG_WARN_CONSTANT_CONVERSION = YES;
				CLANG_WARN_DEPRECATED_OBJC_IMPLEMENTATIONS = YES;
				CLANG_WARN_DIRECT_OBJC_ISA_USAGE = YES_ERROR;
				CLANG_WARN_DOCUMENTATION_COMMENTS = YES;
				CLANG_WARN_EMPTY_BODY = YES;
				CLANG_WARN_ENUM_CONVERSION = YES;
				CLANG_WARN_INFINITE_RECURSION = YES;
				CLANG_WARN_INT_CONVERSION = YES;
				CLANG_WARN_NON_LITERAL_NULL_CONVERSION = YES;
				CLANG_WARN_OBJC_IMPLICIT_RETAIN_SELF = YES;
				CLANG_WARN_OBJC_LITERAL_CONVERSION = YES;
				CLANG_WARN_OBJC_ROOT_CLASS = YES_ERROR;
				CLANG_WARN_RANGE_LOOP_ANALYSIS = YES;
				CLANG_WARN_STRICT_PROTOTYPES = YES;
				CLANG_WARN_SUSPICIOUS_MOVE = YES;
				CLANG_WARN_UNGUARDED_AVAILABILITY = YES_AGGRESSIVE;
				CLANG_WARN_UNREACHABLE_CODE = YES;
				CLANG_WARN__DUPLICATE_METHOD_MATCH = YES;
				CODE_SIGN_IDENTITY = "iPhone Developer";
				COPY_PHASE_STRIP = NO;
				DEBUG_INFORMATION_FORMAT = "dwarf-with-dsym";
				ENABLE_NS_ASSERTIONS = NO;
				ENABLE_STRICT_OBJC_MSGSEND = YES;
				GCC_C_LANGUAGE_STANDARD = gnu11;
				GCC_NO_COMMON_BLOCKS = YES;
				GCC_WARN_64_TO_32_BIT_CONVERSION = YES;
				GCC_WARN_ABOUT_RETURN_TYPE = YES_ERROR;
				GCC_WARN_UNDECLARED_SELECTOR = YES;
				GCC_WARN_UNINITIALIZED_AUTOS = YES_AGGRESSIVE;
				GCC_WARN_UNUSED_FUNCTION = YES;
				GCC_WARN_UNUSED_VARIABLE = YES;
				IPHONEOS_DEPLOYMENT_TARGET = 12.1;
				MTL_ENABLE_DEBUG_INFO = NO;
				MTL_FAST_MATH = YES;
				SDKROOT = iphoneos;
				VALIDATE_PRODUCT = YES;
			};
			name = Release;
		};
		82CC076D21963D6D008B78C7 /* Debug */ = {
			isa = XCBuildConfiguration;
			buildSettings = {
				ASSETCATALOG_COMPILER_APPICON_NAME = AppIcon;
				CODE_SIGN_STYLE = Automatic;
				INFOPLIST_FILE = OSXVersions2/Info.plist;
				LD_RUNPATH_SEARCH_PATHS = (
					"$(inherited)",
					"@executable_path/Frameworks",
				);
				PRODUCT_BUNDLE_IDENTIFIER = com.lambdaschool.OSXVersions2;
				PRODUCT_NAME = "$(TARGET_NAME)";
				TARGETED_DEVICE_FAMILY = "1,2";
			};
			name = Debug;
		};
		82CC076E21963D6D008B78C7 /* Release */ = {
			isa = XCBuildConfiguration;
			buildSettings = {
				ASSETCATALOG_COMPILER_APPICON_NAME = AppIcon;
				CODE_SIGN_STYLE = Automatic;
				INFOPLIST_FILE = OSXVersions2/Info.plist;
				LD_RUNPATH_SEARCH_PATHS = (
					"$(inherited)",
					"@executable_path/Frameworks",
				);
				PRODUCT_BUNDLE_IDENTIFIER = com.lambdaschool.OSXVersions2;
				PRODUCT_NAME = "$(TARGET_NAME)";
				TARGETED_DEVICE_FAMILY = "1,2";
			};
			name = Release;
		};
/* End XCBuildConfiguration section */

/* Begin XCConfigurationList section */
		82CC075121963D6C008B78C7 /* Build configuration list for PBXProject "OSXVersions2" */ = {
			isa = XCConfigurationList;
			buildConfigurations = (
				82CC076A21963D6D008B78C7 /* Debug */,
				82CC076B21963D6D008B78C7 /* Release */,
			);
			defaultConfigurationIsVisible = 0;
			defaultConfigurationName = Release;
		};
		82CC076C21963D6D008B78C7 /* Build configuration list for PBXNativeTarget "OSXVersions2" */ = {
			isa = XCConfigurationList;
			buildConfigurations = (
				82CC076D21963D6D008B78C7 /* Debug */,
				82CC076E21963D6D008B78C7 /* Release */,
			);
			defaultConfigurationIsVisible = 0;
			defaultConfigurationName = Release;
		};
/* End XCConfigurationList section */
	};
	rootObject = 82CC074E21963D6C008B78C7 /* Project object */;
}
